
Microsoft Visual Studio Solution File, Format Version 12.00
# Visual Studio 15
VisualStudioVersion = 15.0.27703.2026
MinimumVisualStudioVersion = 10.0.40219.1
Project("{FAE04EC0-301F-11D3-BF4B-00C04F79EFBC}") = "e_home_furniture", "e_home_furniture\e_home_furniture.csproj", "{DA08FE49-C358-47A1-BACD-BB480F49E220}"
EndProject
Global
	GlobalSection(SolutionConfigurationPlatforms) = preSolution
		Debug|Any CPU = Debug|Any CPU
		Release|Any CPU = Release|Any CPU
	EndGlobalSection
	GlobalSection(ProjectConfigurationPlatforms) = postSolution
		{DA08FE49-C358-47A1-BACD-BB480F49E220}.Debug|Any CPU.ActiveCfg = Debug|Any CPU
		{DA08FE49-C358-47A1-BACD-BB480F49E220}.Debug|Any CPU.Build.0 = Debug|Any CPU
		{DA08FE49-C358-47A1-BACD-BB480F49E220}.Release|Any CPU.ActiveCfg = Release|Any CPU
		{DA08FE49-C358-47A1-BACD-BB480F49E220}.Release|Any CPU.Build.0 = Release|Any CPU
	EndGlobalSection
	GlobalSection(SolutionProperties) = preSolution
		HideSolutionNode = FALSE
	EndGlobalSection
	GlobalSection(ExtensibilityGlobals) = postSolution
		SolutionGuid = {B61D1B09-8C56-4D6C-8AE9-23C975123444}
	EndGlobalSection
EndGlobal
